
Microsoft Visual Studio Solution File, Format Version 12.00
# Visual Studio 14
VisualStudioVersion = 14.0.25420.1
MinimumVisualStudioVersion = 10.0.40219.1
Project("{FAE04EC0-301F-11D3-BF4B-00C04F79EFBC}") = "mysqldb", "mysqldb\mysqldb.csproj", "{FD2A5F55-E28A-4203-943B-DB2B4DFCA2A5}"
	ProjectSection(ProjectDependencies) = postProject
		{9AB2EE8B-B3C4-4BFD-BFC8-ACAB7BD38EAC} = {9AB2EE8B-B3C4-4BFD-BFC8-ACAB7BD38EAC}
	EndProjectSection
EndProject
Project("{FAE04EC0-301F-11D3-BF4B-00C04F79EFBC}") = "Utility", "Utility\Utility.csproj", "{9AB2EE8B-B3C4-4BFD-BFC8-ACAB7BD38EAC}"
EndProject
Project("{FAE04EC0-301F-11D3-BF4B-00C04F79EFBC}") = "Uploading_GCF", "Uploading_GCF\Uploading_GCF.csproj", "{13B88695-F99F-475B-A2C4-85DD19CE180F}"
	ProjectSection(ProjectDependencies) = postProject
		{FD2A5F55-E28A-4203-943B-DB2B4DFCA2A5} = {FD2A5F55-E28A-4203-943B-DB2B4DFCA2A5}
		{9AB2EE8B-B3C4-4BFD-BFC8-ACAB7BD38EAC} = {9AB2EE8B-B3C4-4BFD-BFC8-ACAB7BD38EAC}
	EndProjectSection
EndProject
Project("{2150E333-8FDC-42A3-9474-1A3956D46DE8}") = "reference", "reference", "{C11E632F-AC4B-47B0-BCCE-EC2474688565}"
	ProjectSection(SolutionItems) = preProject
		reference\MySql.Data.dll = reference\MySql.Data.dll
	EndProjectSection
EndProject
Global
	GlobalSection(SolutionConfigurationPlatforms) = preSolution
		Debug|Any CPU = Debug|Any CPU
		Release|Any CPU = Release|Any CPU
	EndGlobalSection
	GlobalSection(ProjectConfigurationPlatforms) = postSolution
		{FD2A5F55-E28A-4203-943B-DB2B4DFCA2A5}.Debug|Any CPU.ActiveCfg = Debug|Any CPU
		{FD2A5F55-E28A-4203-943B-DB2B4DFCA2A5}.Debug|Any CPU.Build.0 = Debug|Any CPU
		{FD2A5F55-E28A-4203-943B-DB2B4DFCA2A5}.Release|Any CPU.ActiveCfg = Release|Any CPU
		{FD2A5F55-E28A-4203-943B-DB2B4DFCA2A5}.Release|Any CPU.Build.0 = Release|Any CPU
		{9AB2EE8B-B3C4-4BFD-BFC8-ACAB7BD38EAC}.Debug|Any CPU.ActiveCfg = Debug|Any CPU
		{9AB2EE8B-B3C4-4BFD-BFC8-ACAB7BD38EAC}.Debug|Any CPU.Build.0 = Debug|Any CPU
		{9AB2EE8B-B3C4-4BFD-BFC8-ACAB7BD38EAC}.Release|Any CPU.ActiveCfg = Release|Any CPU
		{9AB2EE8B-B3C4-4BFD-BFC8-ACAB7BD38EAC}.Release|Any CPU.Build.0 = Release|Any CPU
		{13B88695-F99F-475B-A2C4-85DD19CE180F}.Debug|Any CPU.ActiveCfg = Debug|Any CPU
		{13B88695-F99F-475B-A2C4-85DD19CE180F}.Debug|Any CPU.Build.0 = Debug|Any CPU
		{13B88695-F99F-475B-A2C4-85DD19CE180F}.Release|Any CPU.ActiveCfg = Release|Any CPU
		{13B88695-F99F-475B-A2C4-85DD19CE180F}.Release|Any CPU.Build.0 = Release|Any CPU
	EndGlobalSection
	GlobalSection(SolutionProperties) = preSolution
		HideSolutionNode = FALSE
	EndGlobalSection
EndGlobal
